
Microsoft Visual Studio Solution File, Format Version 12.00
# Visual Studio Version 16
VisualStudioVersion = 16.0.29728.190
MinimumVisualStudioVersion = 10.0.40219.1
Project("{FAE04EC0-301F-11D3-BF4B-00C04F79EFBC}") = "BankingApplication", "BankingApplication\BankingApplication.csproj", "{EF7F3D64-8520-4FE4-B273-E48C25FD2E7E}"
EndProject
Project("{FAE04EC0-301F-11D3-BF4B-00C04F79EFBC}") = "BankingLibrary", "BankingLibrary\BankingLibrary.csproj", "{8897E13B-DFAC-459E-BDDA-ADF0345F00F9}"
EndProject
Global
	GlobalSection(SolutionConfigurationPlatforms) = preSolution
		Debug|Any CPU = Debug|Any CPU
		Release|Any CPU = Release|Any CPU
	EndGlobalSection
	GlobalSection(ProjectConfigurationPlatforms) = postSolution
		{EF7F3D64-8520-4FE4-B273-E48C25FD2E7E}.Debug|Any CPU.ActiveCfg = Debug|Any CPU
		{EF7F3D64-8520-4FE4-B273-E48C25FD2E7E}.Debug|Any CPU.Build.0 = Debug|Any CPU
		{EF7F3D64-8520-4FE4-B273-E48C25FD2E7E}.Release|Any CPU.ActiveCfg = Release|Any CPU
		{EF7F3D64-8520-4FE4-B273-E48C25FD2E7E}.Release|Any CPU.Build.0 = Release|Any CPU
		{8897E13B-DFAC-459E-BDDA-ADF0345F00F9}.Debug|Any CPU.ActiveCfg = Debug|Any CPU
		{8897E13B-DFAC-459E-BDDA-ADF0345F00F9}.Debug|Any CPU.Build.0 = Debug|Any CPU
		{8897E13B-DFAC-459E-BDDA-ADF0345F00F9}.Release|Any CPU.ActiveCfg = Release|Any CPU
		{8897E13B-DFAC-459E-BDDA-ADF0345F00F9}.Release|Any CPU.Build.0 = Release|Any CPU
	EndGlobalSection
	GlobalSection(SolutionProperties) = preSolution
		HideSolutionNode = FALSE
	EndGlobalSection
	GlobalSection(ExtensibilityGlobals) = postSolution
		SolutionGuid = {E1409391-157C-4EF1-BA06-FCD43861EC75}
	EndGlobalSection
EndGlobal
